
Microsoft Visual Studio Solution File, Format Version 12.00
# Visual Studio Version 16
VisualStudioVersion = 16.0.29509.3
MinimumVisualStudioVersion = 10.0.40219.1
Project("{FAE04EC0-301F-11D3-BF4B-00C04F79EFBC}") = "WebCrawler", "WebCrawler\WebCrawler.csproj", "{E135E508-3D07-4195-9674-512C6AC11565}"
EndProject
Global
	GlobalSection(SolutionConfigurationPlatforms) = preSolution
		Debug|Any CPU = Debug|Any CPU
		Release|Any CPU = Release|Any CPU
	EndGlobalSection
	GlobalSection(ProjectConfigurationPlatforms) = postSolution
		{E135E508-3D07-4195-9674-512C6AC11565}.Debug|Any CPU.ActiveCfg = Debug|Any CPU
		{E135E508-3D07-4195-9674-512C6AC11565}.Debug|Any CPU.Build.0 = Debug|Any CPU
		{E135E508-3D07-4195-9674-512C6AC11565}.Release|Any CPU.ActiveCfg = Release|Any CPU
		{E135E508-3D07-4195-9674-512C6AC11565}.Release|Any CPU.Build.0 = Release|Any CPU
	EndGlobalSection
	GlobalSection(SolutionProperties) = preSolution
		HideSolutionNode = FALSE
	EndGlobalSection
	GlobalSection(ExtensibilityGlobals) = postSolution
		SolutionGuid = {289BD55E-ABD0-40A4-AD52-9E2D621F3AA0}
	EndGlobalSection
EndGlobal
